
Microsoft Visual Studio Solution File, Format Version 12.00
# Visual Studio Version 17
VisualStudioVersion = 17.11.35327.3
MinimumVisualStudioVersion = 10.0.40219.1
Project("{9A19103F-16F7-4668-BE54-9A1E7A4F7556}") = "Keyvault_Razor_Azure", "Keyvault_Razor_Azure.csproj", "{741CBA71-1649-4B30-BB67-D0F09EB39716}"
EndProject
Global
	GlobalSection(SolutionConfigurationPlatforms) = preSolution
		Debug|Any CPU = Debug|Any CPU
		Release|Any CPU = Release|Any CPU
	EndGlobalSection
	GlobalSection(ProjectConfigurationPlatforms) = postSolution
		{741CBA71-1649-4B30-BB67-D0F09EB39716}.Debug|Any CPU.ActiveCfg = Debug|Any CPU
		{741CBA71-1649-4B30-BB67-D0F09EB39716}.Debug|Any CPU.Build.0 = Debug|Any CPU
		{741CBA71-1649-4B30-BB67-D0F09EB39716}.Release|Any CPU.ActiveCfg = Release|Any CPU
		{741CBA71-1649-4B30-BB67-D0F09EB39716}.Release|Any CPU.Build.0 = Release|Any CPU
	EndGlobalSection
	GlobalSection(SolutionProperties) = preSolution
		HideSolutionNode = FALSE
	EndGlobalSection
	GlobalSection(ExtensibilityGlobals) = postSolution
		SolutionGuid = {1BB28F91-C295-4205-AD68-AE78558F4455}
	EndGlobalSection
EndGlobal
